
Microsoft Visual Studio Solution File, Format Version 12.00
# Visual Studio Version 16
VisualStudioVersion = 16.0.32228.343
MinimumVisualStudioVersion = 10.0.40219.1
Project("{FAE04EC0-301F-11D3-BF4B-00C04F79EFBC}") = "OkbTestWebApp", "OkbTestWebApp\OkbTestWebApp.csproj", "{0F6BDDBF-D61B-4046-9FE9-5F4FBC9C406F}"
EndProject
Global
	GlobalSection(SolutionConfigurationPlatforms) = preSolution
		Debug|Any CPU = Debug|Any CPU
		Release|Any CPU = Release|Any CPU
	EndGlobalSection
	GlobalSection(ProjectConfigurationPlatforms) = postSolution
		{0F6BDDBF-D61B-4046-9FE9-5F4FBC9C406F}.Debug|Any CPU.ActiveCfg = Debug|Any CPU
		{0F6BDDBF-D61B-4046-9FE9-5F4FBC9C406F}.Debug|Any CPU.Build.0 = Debug|Any CPU
		{0F6BDDBF-D61B-4046-9FE9-5F4FBC9C406F}.Release|Any CPU.ActiveCfg = Release|Any CPU
		{0F6BDDBF-D61B-4046-9FE9-5F4FBC9C406F}.Release|Any CPU.Build.0 = Release|Any CPU
	EndGlobalSection
	GlobalSection(SolutionProperties) = preSolution
		HideSolutionNode = FALSE
	EndGlobalSection
	GlobalSection(ExtensibilityGlobals) = postSolution
		SolutionGuid = {5B27D6EF-2CEC-462B-9AA4-CE8A51997681}
	EndGlobalSection
EndGlobal
